{
  "nodes": {
    "nixpkgs": {
      "locked": {
        "lastModified": 1660574513,
        "narHash": "sha256-nkMQ1TKIIAYIVbbUzjxfjPn3H1zZFW20TrHUFAjwvNU=",
        "owner": "NixOS",
        "repo": "nixpkgs",
        "rev": "af9e00071d0971eb292fd5abef334e66eda3cb69",
        "type": "github"
      },
      "original": {
        "id": "nixpkgs",
        "ref": "nixos-unstable",
        "type": "indirect"
      }
    },
    "root": {
      "inputs": {
        "nixpkgs": "nixpkgs"
      }
    }
  },
  "root": "root",
  "version": 7
}
